lockfileVersion: '9.0'

settings:
  autoInstallPeers: true
  excludeLinksFromLockfile: false

importers:

  .:
    dependencies:
      '@mediapipe/hands':
        specifier: ^0.4.1675469240
        version: 0.4.1675469240

packages:

  '@mediapipe/hands@0.4.1675469240':
    resolution: {integrity: sha512-GxoZvL1mmhJxFxjuyj7vnC++JIuInGznHBin5c7ZSq/RbcnGyfEcJrkM/bMu5K1Mz/2Ko+vEX6/+wewmEHPrHg==}

snapshots:

  '@mediapipe/hands@0.4.1675469240': {}
